
Microsoft Visual Studio Solution File, Format Version 12.00
# Visual Studio Version 16
VisualStudioVersion = 16.0.31410.357
MinimumVisualStudioVersion = 10.0.40219.1
Project("{FAE04EC0-301F-11D3-BF4B-00C04F79EFBC}") = "Aplikasi Perpustakaan", "Aplikasi Perpustakaan\Aplikasi Perpustakaan.csproj", "{CA148EFA-7487-4420-86C2-82C92E7E608E}"
EndProject
Project("{FAE04EC0-301F-11D3-BF4B-00C04F79EFBC}") = "MainPro", "MainPro\MainPro.csproj", "{B43374EB-F3C2-403F-875A-6FB91B463142}"
EndProject
Global
	GlobalSection(SolutionConfigurationPlatforms) = preSolution
		Debug|Any CPU = Debug|Any CPU
		Release|Any CPU = Release|Any CPU
	EndGlobalSection
	GlobalSection(ProjectConfigurationPlatforms) = postSolution
		{CA148EFA-7487-4420-86C2-82C92E7E608E}.Debug|Any CPU.ActiveCfg = Debug|Any CPU
		{CA148EFA-7487-4420-86C2-82C92E7E608E}.Debug|Any CPU.Build.0 = Debug|Any CPU
		{CA148EFA-7487-4420-86C2-82C92E7E608E}.Release|Any CPU.ActiveCfg = Release|Any CPU
		{CA148EFA-7487-4420-86C2-82C92E7E608E}.Release|Any CPU.Build.0 = Release|Any CPU
		{B43374EB-F3C2-403F-875A-6FB91B463142}.Debug|Any CPU.ActiveCfg = Debug|Any CPU
		{B43374EB-F3C2-403F-875A-6FB91B463142}.Debug|Any CPU.Build.0 = Debug|Any CPU
		{B43374EB-F3C2-403F-875A-6FB91B463142}.Release|Any CPU.ActiveCfg = Release|Any CPU
		{B43374EB-F3C2-403F-875A-6FB91B463142}.Release|Any CPU.Build.0 = Release|Any CPU
	EndGlobalSection
	GlobalSection(SolutionProperties) = preSolution
		HideSolutionNode = FALSE
	EndGlobalSection
	GlobalSection(ExtensibilityGlobals) = postSolution
		SolutionGuid = {B254361D-6CCD-4FEC-996A-F4C84CA257F4}
	EndGlobalSection
EndGlobal
